# This file is generated by running "yarn install" inside your project.
# Manual changes might be lost - proceed with caution!

__metadata:
  version: 8
  cacheKey: 10

"@babel/code-frame@npm:^7.26.2":
  version: 7.26.2
  resolution: "@babel/code-frame@npm:7.26.2"
  dependencies:
    "@babel/helper-validator-identifier": "npm:^7.25.9"
    js-tokens: "npm:^4.0.0"
    picocolors: "npm:^1.0.0"
  checksum: 10/db2c2122af79d31ca916755331bb4bac96feb2b334cdaca5097a6b467fdd41963b89b14b6836a14f083de7ff887fc78fa1b3c10b14e743d33e12dbfe5ee3d223
  languageName: node
  linkType: hard

"@babel/generator@npm:^7.26.10, @babel/generator@npm:^7.26.5":
  version: 7.26.10
  resolution: "@babel/generator@npm:7.26.10"
  dependencies:
    "@babel/parser": "npm:^7.26.10"
    "@babel/types": "npm:^7.26.10"
    "@jridgewell/gen-mapping": "npm:^0.3.5"
    "@jridgewell/trace-mapping": "npm:^0.3.25"
    jsesc: "npm:^3.0.2"
  checksum: 10/acf5e6544ee672810b598add2451302146cc79e1974fa5d87c5f70d5a51cab140abb628e36c434d01616af3747fd42378379e4b828f3eb9672e84c14f21db46b
  languageName: node
  linkType: hard

"@babel/helper-string-parser@npm:^7.25.9":
  version: 7.25.9
  resolution: "@babel/helper-string-parser@npm:7.25.9"
  checksum: 10/c28656c52bd48e8c1d9f3e8e68ecafd09d949c57755b0d353739eb4eae7ba4f7e67e92e4036f1cd43378cc1397a2c943ed7bcaf5949b04ab48607def0258b775
  languageName: node
  linkType: hard

"@babel/helper-validator-identifier@npm:^7.25.9":
  version: 7.25.9
  resolution: "@babel/helper-validator-identifier@npm:7.25.9"
  checksum: 10/3f9b649be0c2fd457fa1957b694b4e69532a668866b8a0d81eabfa34ba16dbf3107b39e0e7144c55c3c652bf773ec816af8df4a61273a2bb4eb3145ca9cf478e
  languageName: node
  linkType: hard

"@babel/parser@npm:^7.26.10, @babel/parser@npm:^7.26.7, @babel/parser@npm:^7.26.9":
  version: 7.26.10
  resolution: "@babel/parser@npm:7.26.10"
  dependencies:
    "@babel/types": "npm:^7.26.10"
  bin:
    parser: ./bin/babel-parser.js
  checksum: 10/3f87781f46795ba72448168061d9e99c394fdf9cd4aa3ddf053a06334247da4d25d0923ccc89195937d3360d384cee181e99711763c1e8fe81d4f17ee22541fc
  languageName: node
  linkType: hard

"@babel/template@npm:^7.26.9":
  version: 7.26.9
  resolution: "@babel/template@npm:7.26.9"
  dependencies:
    "@babel/code-frame": "npm:^7.26.2"
    "@babel/parser": "npm:^7.26.9"
    "@babel/types": "npm:^7.26.9"
  checksum: 10/240288cebac95b1cc1cb045ad143365643da0470e905e11731e63280e43480785bd259924f4aea83898ef68e9fa7c176f5f2d1e8b0a059b27966e8ca0b41a1b6
  languageName: node
  linkType: hard

"@babel/traverse@npm:^7.26.7":
  version: 7.26.10
  resolution: "@babel/traverse@npm:7.26.10"
  dependencies:
    "@babel/code-frame": "npm:^7.26.2"
    "@babel/generator": "npm:^7.26.10"
    "@babel/parser": "npm:^7.26.10"
    "@babel/template": "npm:^7.26.9"
    "@babel/types": "npm:^7.26.10"
    debug: "npm:^4.3.1"
    globals: "npm:^11.1.0"
  checksum: 10/e9c77390ce93d1f79fb0d83fc7c67282314ba73fa746ec3cf78e999b2dcda340e200a4fc9d8c5c4ca08f183e1aea2a5c0eb6e4ce802e43c4b10124dbc7d4e748
  languageName: node
  linkType: hard

"@babel/types@npm:^7.26.10, @babel/types@npm:^7.26.7, @babel/types@npm:^7.26.9":
  version: 7.26.10
  resolution: "@babel/types@npm:7.26.10"
  dependencies:
    "@babel/helper-string-parser": "npm:^7.25.9"
    "@babel/helper-validator-identifier": "npm:^7.25.9"
  checksum: 10/6b4f24ee77af853c2126eaabb65328cd44a7d6f439685131cf929c30567e01b6ea2e5d5653b2c304a09c63a5a6199968f0e27228a007acf35032036d79a9dee6
  languageName: node
  linkType: hard

"@jridgewell/gen-mapping@npm:^0.3.5":
  version: 0.3.8
  resolution: "@jridgewell/gen-mapping@npm:0.3.8"
  dependencies:
    "@jridgewell/set-array": "npm:^1.2.1"
    "@jridgewell/sourcemap-codec": "npm:^1.4.10"
    "@jridgewell/trace-mapping": "npm:^0.3.24"
  checksum: 10/9d3a56ab3612ab9b85d38b2a93b87f3324f11c5130859957f6500e4ac8ce35f299d5ccc3ecd1ae87597601ecf83cee29e9afd04c18777c24011073992ff946df
  languageName: node
  linkType: hard

"@jridgewell/resolve-uri@npm:^3.1.0":
  version: 3.1.2
  resolution: "@jridgewell/resolve-uri@npm:3.1.2"
  checksum: 10/97106439d750a409c22c8bff822d648f6a71f3aa9bc8e5129efdc36343cd3096ddc4eeb1c62d2fe48e9bdd4db37b05d4646a17114ecebd3bbcacfa2de51c3c1d
  languageName: node
  linkType: hard

"@jridgewell/set-array@npm:^1.2.1":
  version: 1.2.1
  resolution: "@jridgewell/set-array@npm:1.2.1"
  checksum: 10/832e513a85a588f8ed4f27d1279420d8547743cc37fcad5a5a76fc74bb895b013dfe614d0eed9cb860048e6546b798f8f2652020b4b2ba0561b05caa8c654b10
  languageName: node
  linkType: hard

"@jridgewell/sourcemap-codec@npm:^1.4.10, @jridgewell/sourcemap-codec@npm:^1.4.14":
  version: 1.5.0
  resolution: "@jridgewell/sourcemap-codec@npm:1.5.0"
  checksum: 10/4ed6123217569a1484419ac53f6ea0d9f3b57e5b57ab30d7c267bdb27792a27eb0e4b08e84a2680aa55cc2f2b411ffd6ec3db01c44fdc6dc43aca4b55f8374fd
  languageName: node
  linkType: hard

"@jridgewell/trace-mapping@npm:^0.3.24, @jridgewell/trace-mapping@npm:^0.3.25":
  version: 0.3.25
  resolution: "@jridgewell/trace-mapping@npm:0.3.25"
  dependencies:
    "@jridgewell/resolve-uri": "npm:^3.1.0"
    "@jridgewell/sourcemap-codec": "npm:^1.4.14"
  checksum: 10/dced32160a44b49d531b80a4a2159dceab6b3ddf0c8e95a0deae4b0e894b172defa63d5ac52a19c2068e1fe7d31ea4ba931fbeec103233ecb4208953967120fc
  languageName: node
  linkType: hard

"@openzeppelin/contracts-upgradeable@npm:^4.5.0":
  version: 4.9.6
  resolution: "@openzeppelin/contracts-upgradeable@npm:4.9.6"
  checksum: 10/af9057147f13b6f0e13ca69581777f615f2cce8c6c274ec00fbea906a9095cd9ca1fb70e2c1282122a9f522fd639641c180bf1ad79bb2722494aac5ae9e565bc
  languageName: node
  linkType: hard

"@openzeppelin/contracts@npm:^4.5.0":
  version: 4.9.6
  resolution: "@openzeppelin/contracts@npm:4.9.6"
  checksum: 10/71f45ad42e68c0559be4ba502115462a01c76fc805c08d3005c10b5550a093f1a2b00b2d7e9d6d1f331e147c50fd4ad832f71c4470ec5b34f5a2d0751cd19a47
  languageName: node
  linkType: hard

"@solidity-parser/parser@npm:^0.19.0":
  version: 0.19.0
  resolution: "@solidity-parser/parser@npm:0.19.0"
  checksum: 10/2136708ecc988b534efcf836e95f4f02a1452ab0c026438014c35ce31b26dc011cc8c512d502fc7bcb968f850ab7e524838292bc36cad6a144fedb4c29685587
  languageName: node
  linkType: hard

"@trivago/prettier-plugin-sort-imports@npm:^5.2.2":
  version: 5.2.2
  resolution: "@trivago/prettier-plugin-sort-imports@npm:5.2.2"
  dependencies:
    "@babel/generator": "npm:^7.26.5"
    "@babel/parser": "npm:^7.26.7"
    "@babel/traverse": "npm:^7.26.7"
    "@babel/types": "npm:^7.26.7"
    javascript-natural-sort: "npm:^0.7.1"
    lodash: "npm:^4.17.21"
  peerDependencies:
    "@vue/compiler-sfc": 3.x
    prettier: 2.x - 3.x
    prettier-plugin-svelte: 3.x
    svelte: 4.x || 5.x
  peerDependenciesMeta:
    "@vue/compiler-sfc":
      optional: true
    prettier-plugin-svelte:
      optional: true
    svelte:
      optional: true
  checksum: 10/b169a2b122366790303981cb5368bc884e6072e350ec8f8eebeeac9d6124089eec6a2e47e98f71332765b798b2a9a11cf6f164dafbc7bc98d1e63ba456156c39
  languageName: node
  linkType: hard

"debug@npm:^4.3.1":
  version: 4.4.0
  resolution: "debug@npm:4.4.0"
  dependencies:
    ms: "npm:^2.1.3"
  peerDependenciesMeta:
    supports-color:
      optional: true
  checksum: 10/1847944c2e3c2c732514b93d11886575625686056cd765336212dc15de2d2b29612b6cd80e1afba767bb8e1803b778caf9973e98169ef1a24a7a7009e1820367
  languageName: node
  linkType: hard

"globals@npm:^11.1.0":
  version: 11.12.0
  resolution: "globals@npm:11.12.0"
  checksum: 10/9f054fa38ff8de8fa356502eb9d2dae0c928217b8b5c8de1f09f5c9b6c8a96d8b9bd3afc49acbcd384a98a81fea713c859e1b09e214c60509517bb8fc2bc13c2
  languageName: node
  linkType: hard

"javascript-natural-sort@npm:^0.7.1":
  version: 0.7.1
  resolution: "javascript-natural-sort@npm:0.7.1"
  checksum: 10/7bf6eab67871865d347f09a95aa770f9206c1ab0226bcda6fdd9edec340bf41111a7f82abac30556aa16a21cfa3b2b1ca4a362c8b73dd5ce15220e5d31f49d79
  languageName: node
  linkType: hard

"js-tokens@npm:^4.0.0":
  version: 4.0.0
  resolution: "js-tokens@npm:4.0.0"
  checksum: 10/af37d0d913fb56aec6dc0074c163cc71cd23c0b8aad5c2350747b6721d37ba118af35abdd8b33c47ec2800de07dedb16a527ca9c530ee004093e04958bd0cbf2
  languageName: node
  linkType: hard

"jsesc@npm:^3.0.2":
  version: 3.1.0
  resolution: "jsesc@npm:3.1.0"
  bin:
    jsesc: bin/jsesc
  checksum: 10/20bd37a142eca5d1794f354db8f1c9aeb54d85e1f5c247b371de05d23a9751ecd7bd3a9c4fc5298ea6fa09a100dafb4190fa5c98c6610b75952c3487f3ce7967
  languageName: node
  linkType: hard

"lodash@npm:^4.17.21":
  version: 4.17.21
  resolution: "lodash@npm:4.17.21"
  checksum: 10/c08619c038846ea6ac754abd6dd29d2568aa705feb69339e836dfa8d8b09abbb2f859371e86863eda41848221f9af43714491467b5b0299122431e202bb0c532
  languageName: node
  linkType: hard

"ms@npm:^2.1.3":
  version: 2.1.3
  resolution: "ms@npm:2.1.3"
  checksum: 10/aa92de608021b242401676e35cfa5aa42dd70cbdc082b916da7fb925c542173e36bce97ea3e804923fe92c0ad991434e4a38327e15a1b5b5f945d66df615ae6d
  languageName: node
  linkType: hard

"pendle-sy-tests@workspace:.":
  version: 0.0.0-use.local
  resolution: "pendle-sy-tests@workspace:."
  dependencies:
    "@openzeppelin/contracts": "npm:^4.5.0"
    "@openzeppelin/contracts-upgradeable": "npm:^4.5.0"
    "@trivago/prettier-plugin-sort-imports": "npm:^5.2.2"
    prettier: "npm:^3.5.3"
    prettier-plugin-solidity: "npm:^1.4.2"
  languageName: unknown
  linkType: soft

"picocolors@npm:^1.0.0":
  version: 1.1.1
  resolution: "picocolors@npm:1.1.1"
  checksum: 10/e1cf46bf84886c79055fdfa9dcb3e4711ad259949e3565154b004b260cd356c5d54b31a1437ce9782624bf766272fe6b0154f5f0c744fb7af5d454d2b60db045
  languageName: node
  linkType: hard

"prettier-plugin-solidity@npm:^1.4.2":
  version: 1.4.2
  resolution: "prettier-plugin-solidity@npm:1.4.2"
  dependencies:
    "@solidity-parser/parser": "npm:^0.19.0"
    semver: "npm:^7.6.3"
  peerDependencies:
    prettier: ">=2.3.0"
  checksum: 10/5f4ca400275c860bbca7ba3ee316682bec04a760a816e903f6a528acc61ef3d2eda9a81edb7e38449b79196d2946db44424fbab78944d2e8bb32f8fed31363bc
  languageName: node
  linkType: hard

"prettier@npm:^3.5.3":
  version: 3.5.3
  resolution: "prettier@npm:3.5.3"
  bin:
    prettier: bin/prettier.cjs
  checksum: 10/7050c08f674d9e49fbd9a4c008291d0715471f64e94cc5e4b01729affce221dfc6875c8de7e66b728c64abc9352eefb7eaae071b5f79d30081be207b53774b78
  languageName: node
  linkType: hard

"semver@npm:^7.6.3":
  version: 7.7.1
  resolution: "semver@npm:7.7.1"
  bin:
    semver: bin/semver.js
  checksum: 10/4cfa1eb91ef3751e20fc52e47a935a0118d56d6f15a837ab814da0c150778ba2ca4f1a4d9068b33070ea4273629e615066664c2cfcd7c272caf7a8a0f6518b2c
  languageName: node
  linkType: hard
