# This file is generated by running "yarn install" inside your project.
# Manual changes might be lost - proceed with caution!

__metadata:
  version: 8
  cacheKey: 10

"@openzeppelin/contracts-upgradeable@npm:^4.5.0":
  version: 4.9.6
  resolution: "@openzeppelin/contracts-upgradeable@npm:4.9.6"
  checksum: 10/af9057147f13b6f0e13ca69581777f615f2cce8c6c274ec00fbea906a9095cd9ca1fb70e2c1282122a9f522fd639641c180bf1ad79bb2722494aac5ae9e565bc
  languageName: node
  linkType: hard

"@openzeppelin/contracts@npm:^4.5.0":
  version: 4.9.6
  resolution: "@openzeppelin/contracts@npm:4.9.6"
  checksum: 10/71f45ad42e68c0559be4ba502115462a01c76fc805c08d3005c10b5550a093f1a2b00b2d7e9d6d1f331e147c50fd4ad832f71c4470ec5b34f5a2d0751cd19a47
  languageName: node
  linkType: hard

"pendle-sy-tests@workspace:.":
  version: 0.0.0-use.local
  resolution: "pendle-sy-tests@workspace:."
  dependencies:
    "@openzeppelin/contracts": "npm:^4.5.0"
    "@openzeppelin/contracts-upgradeable": "npm:^4.5.0"
  languageName: unknown
  linkType: soft
